
Microsoft Visual Studio Solution File, Format Version 12.00
# Visual Studio 14
VisualStudioVersion = 14.0.25420.1
MinimumVisualStudioVersion = 10.0.40219.1
Project("{FAE04EC0-301F-11D3-BF4B-00C04F79EFBC}") = "OperatorGuessing", "OperatorGuessing.csproj", "{9D457A29-EAF6-4EAA-9AD7-815C2646C0F6}"
EndProject
Project("{FAE04EC0-301F-11D3-BF4B-00C04F79EFBC}") = "OperatorGuessingTests", "..\OperatorGuessingTests\OperatorGuessingTests.csproj", "{7DB20CED-E18F-446A-8BB0-718DDF47B67E}"
EndProject
Global
	GlobalSection(SolutionConfigurationPlatforms) = preSolution
		Debug|Any CPU = Debug|Any CPU
		Release|Any CPU = Release|Any CPU
	EndGlobalSection
	GlobalSection(ProjectConfigurationPlatforms) = postSolution
		{9D457A29-EAF6-4EAA-9AD7-815C2646C0F6}.Debug|Any CPU.ActiveCfg = Debug|Any CPU
		{9D457A29-EAF6-4EAA-9AD7-815C2646C0F6}.Debug|Any CPU.Build.0 = Debug|Any CPU
		{9D457A29-EAF6-4EAA-9AD7-815C2646C0F6}.Release|Any CPU.ActiveCfg = Release|Any CPU
		{9D457A29-EAF6-4EAA-9AD7-815C2646C0F6}.Release|Any CPU.Build.0 = Release|Any CPU
		{7DB20CED-E18F-446A-8BB0-718DDF47B67E}.Debug|Any CPU.ActiveCfg = Debug|Any CPU
		{7DB20CED-E18F-446A-8BB0-718DDF47B67E}.Debug|Any CPU.Build.0 = Debug|Any CPU
		{7DB20CED-E18F-446A-8BB0-718DDF47B67E}.Release|Any CPU.ActiveCfg = Release|Any CPU
		{7DB20CED-E18F-446A-8BB0-718DDF47B67E}.Release|Any CPU.Build.0 = Release|Any CPU
	EndGlobalSection
	GlobalSection(SolutionProperties) = preSolution
		HideSolutionNode = FALSE
	EndGlobalSection
EndGlobal
