
Microsoft Visual Studio Solution File, Format Version 12.00
# Visual Studio 2013
VisualStudioVersion = 12.0.40629.0
MinimumVisualStudioVersion = 10.0.40219.1
Project("{FAE04EC0-301F-11D3-BF4B-00C04F79EFBC}") = "Predicate", "Predicate\Predicate.csproj", "{0E460554-648F-4C4A-B7D3-2B284FCADE73}"
EndProject
Project("{FAE04EC0-301F-11D3-BF4B-00C04F79EFBC}") = "UnitTestProject1", "UnitTestProject1\UnitTestProject1.csproj", "{B14ADCFC-25E6-413E-A4DA-F7F53D8DFC5B}"
EndProject
Global
	GlobalSection(SolutionConfigurationPlatforms) = preSolution
		Debug|Any CPU = Debug|Any CPU
		Release|Any CPU = Release|Any CPU
	EndGlobalSection
	GlobalSection(ProjectConfigurationPlatforms) = postSolution
		{0E460554-648F-4C4A-B7D3-2B284FCADE73}.Debug|Any CPU.ActiveCfg = Debug|Any CPU
		{0E460554-648F-4C4A-B7D3-2B284FCADE73}.Debug|Any CPU.Build.0 = Debug|Any CPU
		{0E460554-648F-4C4A-B7D3-2B284FCADE73}.Release|Any CPU.ActiveCfg = Release|Any CPU
		{0E460554-648F-4C4A-B7D3-2B284FCADE73}.Release|Any CPU.Build.0 = Release|Any CPU
		{B14ADCFC-25E6-413E-A4DA-F7F53D8DFC5B}.Debug|Any CPU.ActiveCfg = Debug|Any CPU
		{B14ADCFC-25E6-413E-A4DA-F7F53D8DFC5B}.Debug|Any CPU.Build.0 = Debug|Any CPU
		{B14ADCFC-25E6-413E-A4DA-F7F53D8DFC5B}.Release|Any CPU.ActiveCfg = Release|Any CPU
		{B14ADCFC-25E6-413E-A4DA-F7F53D8DFC5B}.Release|Any CPU.Build.0 = Release|Any CPU
	EndGlobalSection
	GlobalSection(SolutionProperties) = preSolution
		HideSolutionNode = FALSE
	EndGlobalSection
EndGlobal
