
Microsoft Visual Studio Solution File, Format Version 12.00
# Visual Studio 2012
Project("{FAE04EC0-301F-11D3-BF4B-00C04F79EFBC}") = "TestAppForCustomAttributes", "TestAppForCustomAttributes\TestAppForCustomAttributes.csproj", "{D30DFB6E-45ED-4CCF-9553-ED4A329D52D1}"
EndProject
Global
	GlobalSection(SolutionConfigurationPlatforms) = preSolution
		Debug|Any CPU = Debug|Any CPU
		Release|Any CPU = Release|Any CPU
	EndGlobalSection
	GlobalSection(ProjectConfigurationPlatforms) = postSolution
		{D30DFB6E-45ED-4CCF-9553-ED4A329D52D1}.Debug|Any CPU.ActiveCfg = Debug|Any CPU
		{D30DFB6E-45ED-4CCF-9553-ED4A329D52D1}.Debug|Any CPU.Build.0 = Debug|Any CPU
		{D30DFB6E-45ED-4CCF-9553-ED4A329D52D1}.Release|Any CPU.ActiveCfg = Release|Any CPU
		{D30DFB6E-45ED-4CCF-9553-ED4A329D52D1}.Release|Any CPU.Build.0 = Release|Any CPU
	EndGlobalSection
	GlobalSection(SolutionProperties) = preSolution
		HideSolutionNode = FALSE
	EndGlobalSection
EndGlobal
